// !$*UTF8*$!
{
	archiveVersion = 1;
	classes = {
	};
	objectVersion = 50;
	objects = {

/* Begin PBXBuildFile section */
		34650A8423C54CF600CA7350 /* AppDelegate.swift in Sources */ = {isa = PBXBuildFile; fileRef = 34650A8323C54CF600CA7350 /* AppDelegate.swift */; };
		34650A8623C54CF600CA7350 /* SceneDelegate.swift in Sources */ = {isa = PBXBuildFile; fileRef = 34650A8523C54CF600CA7350 /* SceneDelegate.swift */; };
		34650A8823C54CF600CA7350 /* ContentView.swift in Sources */ = {isa = PBXBuildFile; fileRef = 34650A8723C54CF600CA7350 /* ContentView.swift */; };
		34650A8A23C54CF900CA7350 /* Assets.xcassets in Resources */ = {isa = PBXBuildFile; fileRef = 34650A8923C54CF900CA7350 /* Assets.xcassets */; };
		34650A8D23C54CF900CA7350 /* Preview Assets.xcassets in Resources */ = {isa = PBXBuildFile; fileRef = 34650A8C23C54CF900CA7350 /* Preview Assets.xcassets */; };
		34650A9023C54CF900CA7350 /* LaunchScreen.storyboard in Resources */ = {isa = PBXBuildFile; fileRef = 34650A8E23C54CF900CA7350 /* LaunchScreen.storyboard */; };
		34650A9B23C54CFA00CA7350 /* BullseyeTests.swift in Sources */ = {isa = PBXBuildFile; fileRef = 34650A9A23C54CFA00CA7350 /* BullseyeTests.swift */; };
		34650AA623C54CFA00CA7350 /* BullseyeUITests.swift in Sources */ = {isa = PBXBuildFile; fileRef = 34650AA523C54CFA00CA7350 /* BullseyeUITests.swift */; };
		34CB9C472414DC8000171A89 /* AboutView.swift in Sources */ = {isa = PBXBuildFile; fileRef = 34CB9C462414DC8000171A89 /* AboutView.swift */; };
/* End PBXBuildFile section */

/* Begin PBXContainerItemProxy section */
		34650A9723C54CFA00CA7350 /* PBXContainerItemProxy */ = {
			isa = PBXContainerItemProxy;
			containerPortal = 34650A7823C54CF600CA7350 /* Project object */;
			proxyType = 1;
			remoteGlobalIDString = 34650A7F23C54CF600CA7350;
			remoteInfo = Bullseye;
		};
		34650AA223C54CFA00CA7350 /* PBXContainerItemProxy */ = {
			isa = PBXContainerItemProxy;
			containerPortal = 34650A7823C54CF600CA7350 /* Project object */;
			proxyType = 1;
			remoteGlobalIDString = 34650A7F23C54CF600CA7350;
			remoteInfo = Bullseye;
		};
/* End PBXContainerItemProxy section */

/* Begin PBXFileReference section */
		34650A8023C54CF600CA7350 /* Bullseye.app */ = {isa = PBXFileReference; explicitFileType = wrapper.application; includeInIndex = 0; path = Bullseye.app; sourceTree = BUILT_PRODUCTS_DIR; };
		34650A8323C54CF600CA7350 /* AppDelegate.swift */ = {isa = PBXFileReference; lastKnownFileType = sourcecode.swift; path = AppDelegate.swift; sourceTree = "<group>"; };
		34650A8523C54CF600CA7350 /* SceneDelegate.swift */ = {isa = PBXFileReference; lastKnownFileType = sourcecode.swift; path = SceneDelegate.swift; sourceTree = "<group>"; };
		34650A8723C54CF600CA7350 /* ContentView.swift */ = {isa = PBXFileReference; lastKnownFileType = sourcecode.swift; path = ContentView.swift; sourceTree = "<group>"; };
		34650A8923C54CF900CA7350 /* Assets.xcassets */ = {isa = PBXFileReference; lastKnownFileType = folder.assetcatalog; path = Assets.xcassets; sourceTree = "<group>"; };
		34650A8C23C54CF900CA7350 /* Preview Assets.xcassets */ = {isa = PBXFileReference; lastKnownFileType = folder.assetcatalog; path = "Preview Assets.xcassets"; sourceTree = "<group>"; };
		34650A8F23C54CF900CA7350 /* Base */ = {isa = PBXFileReference; lastKnownFileType = file.storyboard; name = Base; path = Base.lproj/LaunchScreen.storyboard; sourceTree = "<group>"; };
		34650A9123C54CF900CA7350 /* Info.plist */ = {isa = PBXFileReference; lastKnownFileType = text.plist.xml; path = Info.plist; sourceTree = "<group>"; };
		34650A9623C54CFA00CA7350 /* BullseyeTests.xctest */ = {isa = PBXFileReference; explicitFileType = wrapper.cfbundle; includeInIndex = 0; path = BullseyeTests.xctest; sourceTree = BUILT_PRODUCTS_DIR; };
		34650A9A23C54CFA00CA7350 /* BullseyeTests.swift */ = {isa = PBXFileReference; lastKnownFileType = sourcecode.swift; path = BullseyeTests.swift; sourceTree = "<group>"; };
		34650A9C23C54CFA00CA7350 /* Info.plist */ = {isa = PBXFileReference; lastKnownFileType = text.plist.xml; path = Info.plist; sourceTree = "<group>"; };
		34650AA123C54CFA00CA7350 /* BullseyeUITests.xctest */ = {isa = PBXFileReference; explicitFileType = wrapper.cfbundle; includeInIndex = 0; path = BullseyeUITests.xctest; sourceTree = BUILT_PRODUCTS_DIR; };
		34650AA523C54CFA00CA7350 /* BullseyeUITests.swift */ = {isa = PBXFileReference; lastKnownFileType = sourcecode.swift; path = BullseyeUITests.swift; sourceTree = "<group>"; };
		34650AA723C54CFA00CA7350 /* Info.plist */ = {isa = PBXFileReference; lastKnownFileType = text.plist.xml; path = Info.plist; sourceTree = "<group>"; };
		34CB9C462414DC8000171A89 /* AboutView.swift */ = {isa = PBXFileReference; lastKnownFileType = sourcecode.swift; path = AboutView.swift; sourceTree = "<group>"; };
/* End PBXFileReference section */

/* Begin PBXFrameworksBuildPhase section */
		34650A7D23C54CF600CA7350 /* Frameworks */ = {
			isa = PBXFrameworksBuildPhase;
			buildActionMask = 2147483647;
			files = (
			);
			runOnlyForDeploymentPostprocessing = 0;
		};
		34650A9323C54CFA00CA7350 /* Frameworks */ = {
			isa = PBXFrameworksBuildPhase;
			buildActionMask = 2147483647;
			files = (
			);
			runOnlyForDeploymentPostprocessing = 0;
		};
		34650A9E23C54CFA00CA7350 /* Frameworks */ = {
			isa = PBXFrameworksBuildPhase;
			buildActionMask = 2147483647;
			files = (
			);
			runOnlyForDeploymentPostprocessing = 0;
		};
/* End PBXFrameworksBuildPhase section */

/* Begin PBXGroup section */
		34650A7723C54CF600CA7350 = {
			isa = PBXGroup;
			children = (
				34650A8223C54CF600CA7350 /* Bullseye */,
				34650A9923C54CFA00CA7350 /* BullseyeTests */,
				34650AA423C54CFA00CA7350 /* BullseyeUITests */,
				34650A8123C54CF600CA7350 /* Products */,
			);
			sourceTree = "<group>";
		};
		34650A8123C54CF600CA7350 /* Products */ = {
			isa = PBXGroup;
			children = (
				34650A8023C54CF600CA7350 /* Bullseye.app */,
				34650A9623C54CFA00CA7350 /* BullseyeTests.xctest */,
				34650AA123C54CFA00CA7350 /* BullseyeUITests.xctest */,
			);
			name = Products;
			sourceTree = "<group>";
		};
		34650A8223C54CF600CA7350 /* Bullseye */ = {
			isa = PBXGroup;
			children = (
				34650A8323C54CF600CA7350 /* AppDelegate.swift */,
				34650A8523C54CF600CA7350 /* SceneDelegate.swift */,
				34650A8723C54CF600CA7350 /* ContentView.swift */,
				34CB9C462414DC8000171A89 /* AboutView.swift */,
				34650A8923C54CF900CA7350 /* Assets.xcassets */,
				34650A8E23C54CF900CA7350 /* LaunchScreen.storyboard */,
				34650A9123C54CF900CA7350 /* Info.plist */,
				34650A8B23C54CF900CA7350 /* Preview Content */,
			);
			path = Bullseye;
			sourceTree = "<group>";
		};
		34650A8B23C54CF900CA7350 /* Preview Content */ = {
			isa = PBXGroup;
			children = (
				34650A8C23C54CF900CA7350 /* Preview Assets.xcassets */,
			);
			path = "Preview Content";
			sourceTree = "<group>";
		};
		34650A9923C54CFA00CA7350 /* BullseyeTests */ = {
			isa = PBXGroup;
			children = (
				34650A9A23C54CFA00CA7350 /* BullseyeTests.swift */,
				34650A9C23C54CFA00CA7350 /* Info.plist */,
			);
			path = BullseyeTests;
			sourceTree = "<group>";
		};
		34650AA423C54CFA00CA7350 /* BullseyeUITests */ = {
			isa = PBXGroup;
			children = (
				34650AA523C54CFA00CA7350 /* BullseyeUITests.swift */,
				34650AA723C54CFA00CA7350 /* Info.plist */,
			);
			path = BullseyeUITests;
			sourceTree = "<group>";
		};
/* End PBXGroup section */

/* Begin PBXNativeTarget section */
		34650A7F23C54CF600CA7350 /* Bullseye */ = {
			isa = PBXNativeTarget;
			buildConfigurationList = 34650AAA23C54CFA00CA7350 /* Build configuration list for PBXNativeTarget "Bullseye" */;
			buildPhases = (
				34650A7C23C54CF600CA7350 /* Sources */,
				34650A7D23C54CF600CA7350 /* Frameworks */,
				34650A7E23C54CF600CA7350 /* Resources */,
			);
			buildRules = (
			);
			dependencies = (
			);
			name = Bullseye;
			productName = Bullseye;
			productReference = 34650A8023C54CF600CA7350 /* Bullseye.app */;
			productType = "com.apple.product-type.application";
		};
		34650A9523C54CFA00CA7350 /* BullseyeTests */ = {
			isa = PBXNativeTarget;
			buildConfigurationList = 34650AAD23C54CFA00CA7350 /* Build configuration list for PBXNativeTarget "BullseyeTests" */;
			buildPhases = (
				34650A9223C54CFA00CA7350 /* Sources */,
				34650A9323C54CFA00CA7350 /* Frameworks */,
				34650A9423C54CFA00CA7350 /* Resources */,
			);
			buildRules = (
			);
			dependencies = (
				34650A9823C54CFA00CA7350 /* PBXTargetDependency */,
			);
			name = BullseyeTests;
			productName = BullseyeTests;
			productReference = 34650A9623C54CFA00CA7350 /* BullseyeTests.xctest */;
			productType = "com.apple.product-type.bundle.unit-test";
		};
		34650AA023C54CFA00CA7350 /* BullseyeUITests */ = {
			isa = PBXNativeTarget;
			buildConfigurationList = 34650AB023C54CFA00CA7350 /* Build configuration list for PBXNativeTarget "BullseyeUITests" */;
			buildPhases = (
				34650A9D23C54CFA00CA7350 /* Sources */,
				34650A9E23C54CFA00CA7350 /* Frameworks */,
				34650A9F23C54CFA00CA7350 /* Resources */,
			);
			buildRules = (
			);
			dependencies = (
				34650AA323C54CFA00CA7350 /* PBXTargetDependency */,
			);
			name = BullseyeUITests;
			productName = BullseyeUITests;
			productReference = 34650AA123C54CFA00CA7350 /* BullseyeUITests.xctest */;
			productType = "com.apple.product-type.bundle.ui-testing";
		};
/* End PBXNativeTarget section */

/* Begin PBXProject section */
		34650A7823C54CF600CA7350 /* Project object */ = {
			isa = PBXProject;
			attributes = {
				LastSwiftUpdateCheck = 1130;
				LastUpgradeCheck = 1130;
				ORGANIZATIONNAME = "PHAM ANH VIET";
				TargetAttributes = {
					34650A7F23C54CF600CA7350 = {
						CreatedOnToolsVersion = 11.3;
					};
					34650A9523C54CFA00CA7350 = {
						CreatedOnToolsVersion = 11.3;
						TestTargetID = 34650A7F23C54CF600CA7350;
					};
					34650AA023C54CFA00CA7350 = {
						CreatedOnToolsVersion = 11.3;
						TestTargetID = 34650A7F23C54CF600CA7350;
					};
				};
			};
			buildConfigurationList = 34650A7B23C54CF600CA7350 /* Build configuration list for PBXProject "Bullseye" */;
			compatibilityVersion = "Xcode 9.3";
			developmentRegion = en;
			hasScannedForEncodings = 0;
			knownRegions = (
				en,
				Base,
			);
			mainGroup = 34650A7723C54CF600CA7350;
			productRefGroup = 34650A8123C54CF600CA7350 /* Products */;
			projectDirPath = "";
			projectRoot = "";
			targets = (
				34650A7F23C54CF600CA7350 /* Bullseye */,
				34650A9523C54CFA00CA7350 /* BullseyeTests */,
				34650AA023C54CFA00CA7350 /* BullseyeUITests */,
			);
		};
/* End PBXProject section */

/* Begin PBXResourcesBuildPhase section */
		34650A7E23C54CF600CA7350 /* Resources */ = {
			isa = PBXResourcesBuildPhase;
			buildActionMask = 2147483647;
			files = (
				34650A9023C54CF900CA7350 /* LaunchScreen.storyboard in Resources */,
				34650A8D23C54CF900CA7350 /* Preview Assets.xcassets in Resources */,
				34650A8A23C54CF900CA7350 /* Assets.xcassets in Resources */,
			);
			runOnlyForDeploymentPostprocessing = 0;
		};
		34650A9423C54CFA00CA7350 /* Resources */ = {
			isa = PBXResourcesBuildPhase;
			buildActionMask = 2147483647;
			files = (
			);
			runOnlyForDeploymentPostprocessing = 0;
		};
		34650A9F23C54CFA00CA7350 /* Resources */ = {
			isa = PBXResourcesBuildPhase;
			buildActionMask = 2147483647;
			files = (
			);
			runOnlyForDeploymentPostprocessing = 0;
		};
/* End PBXResourcesBuildPhase section */

/* Begin PBXSourcesBuildPhase section */
		34650A7C23C54CF600CA7350 /* Sources */ = {
			isa = PBXSourcesBuildPhase;
			buildActionMask = 2147483647;
			files = (
				34CB9C472414DC8000171A89 /* AboutView.swift in Sources */,
				34650A8423C54CF600CA7350 /* AppDelegate.swift in Sources */,
				34650A8623C54CF600CA7350 /* SceneDelegate.swift in Sources */,
				34650A8823C54CF600CA7350 /* ContentView.swift in Sources */,
			);
			runOnlyForDeploymentPostprocessing = 0;
		};
		34650A9223C54CFA00CA7350 /* Sources */ = {
			isa = PBXSourcesBuildPhase;
			buildActionMask = 2147483647;
			files = (
				34650A9B23C54CFA00CA7350 /* BullseyeTests.swift in Sources */,
			);
			runOnlyForDeploymentPostprocessing = 0;
		};
		34650A9D23C54CFA00CA7350 /* Sources */ = {
			isa = PBXSourcesBuildPhase;
			buildActionMask = 2147483647;
			files = (
				34650AA623C54CFA00CA7350 /* BullseyeUITests.swift in Sources */,
			);
			runOnlyForDeploymentPostprocessing = 0;
		};
/* End PBXSourcesBuildPhase section */

/* Begin PBXTargetDependency section */
		34650A9823C54CFA00CA7350 /* PBXTargetDependency */ = {
			isa = PBXTargetDependency;
			target = 34650A7F23C54CF600CA7350 /* Bullseye */;
			targetProxy = 34650A9723C54CFA00CA7350 /* PBXContainerItemProxy */;
		};
		34650AA323C54CFA00CA7350 /* PBXTargetDependency */ = {
			isa = PBXTargetDependency;
			target = 34650A7F23C54CF600CA7350 /* Bullseye */;
			targetProxy = 34650AA223C54CFA00CA7350 /* PBXContainerItemProxy */;
		};
/* End PBXTargetDependency section */

/* Begin PBXVariantGroup section */
		34650A8E23C54CF900CA7350 /* LaunchScreen.storyboard */ = {
			isa = PBXVariantGroup;
			children = (
				34650A8F23C54CF900CA7350 /* Base */,
			);
			name = LaunchScreen.storyboard;
			sourceTree = "<group>";
		};
/* End PBXVariantGroup section */

/* Begin XCBuildConfiguration section */
		34650AA823C54CFA00CA7350 /* Debug */ = {
			isa = XCBuildConfiguration;
			buildSettings = {
				ALWAYS_SEARCH_USER_PATHS = NO;
				CLANG_ANALYZER_NONNULL = YES;
				CLANG_ANALYZER_NUMBER_OBJECT_CONVERSION = YES_AGGRESSIVE;
				CLANG_CXX_LANGUAGE_STANDARD = "gnu++14";
				CLANG_CXX_LIBRARY = "libc++";
				CLANG_ENABLE_MODULES = YES;
				CLANG_ENABLE_OBJC_ARC = YES;
				CLANG_ENABLE_OBJC_WEAK = YES;
				CLANG_WARN_BLOCK_CAPTURE_AUTORELEASING = YES;
				CLANG_WARN_BOOL_CONVERSION = YES;
				CLANG_WARN_COMMA = YES;
				CLANG_WARN_CONSTANT_CONVERSION = YES;
				CLANG_WARN_DEPRECATED_OBJC_IMPLEMENTATIONS = YES;
				CLANG_WARN_DIRECT_OBJC_ISA_USAGE = YES_ERROR;
				CLANG_WARN_DOCUMENTATION_COMMENTS = YES;
				CLANG_WARN_EMPTY_BODY = YES;
				CLANG_WARN_ENUM_CONVERSION = YES;
				CLANG_WARN_INFINITE_RECURSION = YES;
				CLANG_WARN_INT_CONVERSION = YES;
				CLANG_WARN_NON_LITERAL_NULL_CONVERSION = YES;
				CLANG_WARN_OBJC_IMPLICIT_RETAIN_SELF = YES;
				CLANG_WARN_OBJC_LITERAL_CONVERSION = YES;
				CLANG_WARN_OBJC_ROOT_CLASS = YES_ERROR;
				CLANG_WARN_RANGE_LOOP_ANALYSIS = YES;
				CLANG_WARN_STRICT_PROTOTYPES = YES;
				CLANG_WARN_SUSPICIOUS_MOVE = YES;
				CLANG_WARN_UNGUARDED_AVAILABILITY = YES_AGGRESSIVE;
				CLANG_WARN_UNREACHABLE_CODE = YES;
				CLANG_WARN__DUPLICATE_METHOD_MATCH = YES;
				COPY_PHASE_STRIP = NO;
				DEBUG_INFORMATION_FORMAT = dwarf;
				ENABLE_STRICT_OBJC_MSGSEND = YES;
				ENABLE_TESTABILITY = YES;
				GCC_C_LANGUAGE_STANDARD = gnu11;
				GCC_DYNAMIC_NO_PIC = NO;
				GCC_NO_COMMON_BLOCKS = YES;
				GCC_OPTIMIZATION_LEVEL = 0;
				GCC_PREPROCESSOR_DEFINITIONS = (
					"DEBUG=1",
					"$(inherited)",
				);
				GCC_WARN_64_TO_32_BIT_CONVERSION = YES;
				GCC_WARN_ABOUT_RETURN_TYPE = YES_ERROR;
				GCC_WARN_UNDECLARED_SELECTOR = YES;
				GCC_WARN_UNINITIALIZED_AUTOS = YES_AGGRESSIVE;
				GCC_WARN_UNUSED_FUNCTION = YES;
				GCC_WARN_UNUSED_VARIABLE = YES;
				IPHONEOS_DEPLOYMENT_TARGET = 13.2;
				MTL_ENABLE_DEBUG_INFO = INCLUDE_SOURCE;
				MTL_FAST_MATH = YES;
				ONLY_ACTIVE_ARCH = YES;
				SDKROOT = iphoneos;
				SWIFT_ACTIVE_COMPILATION_CONDITIONS = DEBUG;
				SWIFT_OPTIMIZATION_LEVEL = "-Onone";
			};
			name = Debug;
		};
		34650AA923C54CFA00CA7350 /* Release */ = {
			isa = XCBuildConfiguration;
			buildSettings = {
				ALWAYS_SEARCH_USER_PATHS = NO;
				CLANG_ANALYZER_NONNULL = YES;
				CLANG_ANALYZER_NUMBER_OBJECT_CONVERSION = YES_AGGRESSIVE;
				CLANG_CXX_LANGUAGE_STANDARD = "gnu++14";
				CLANG_CXX_LIBRARY = "libc++";
				CLANG_ENABLE_MODULES = YES;
				CLANG_ENABLE_OBJC_ARC = YES;
				CLANG_ENABLE_OBJC_WEAK = YES;
				CLANG_WARN_BLOCK_CAPTURE_AUTORELEASING = YES;
				CLANG_WARN_BOOL_CONVERSION = YES;
				CLANG_WARN_COMMA = YES;
				CLANG_WARN_CONSTANT_CONVERSION = YES;
				CLANG_WARN_DEPRECATED_OBJC_IMPLEMENTATIONS = YES;
				CLANG_WARN_DIRECT_OBJC_ISA_USAGE = YES_ERROR;
				CLANG_WARN_DOCUMENTATION_COMMENTS = YES;
				CLANG_WARN_EMPTY_BODY = YES;
				CLANG_WARN_ENUM_CONVERSION = YES;
				CLANG_WARN_INFINITE_RECURSION = YES;
				CLANG_WARN_INT_CONVERSION = YES;
				CLANG_WARN_NON_LITERAL_NULL_CONVERSION = YES;
				CLANG_WARN_OBJC_IMPLICIT_RETAIN_SELF = YES;
				CLANG_WARN_OBJC_LITERAL_CONVERSION = YES;
				CLANG_WARN_OBJC_ROOT_CLASS = YES_ERROR;
				CLANG_WARN_RANGE_LOOP_ANALYSIS = YES;
				CLANG_WARN_STRICT_PROTOTYPES = YES;
				CLANG_WARN_SUSPICIOUS_MOVE = YES;
				CLANG_WARN_UNGUARDED_AVAILABILITY = YES_AGGRESSIVE;
				CLANG_WARN_UNREACHABLE_CODE = YES;
				CLANG_WARN__DUPLICATE_METHOD_MATCH = YES;
				COPY_PHASE_STRIP = NO;
				DEBUG_INFORMATION_FORMAT = "dwarf-with-dsym";
				ENABLE_NS_ASSERTIONS = NO;
				ENABLE_STRICT_OBJC_MSGSEND = YES;
				GCC_C_LANGUAGE_STANDARD = gnu11;
				GCC_NO_COMMON_BLOCKS = YES;
				GCC_WARN_64_TO_32_BIT_CONVERSION = YES;
				GCC_WARN_ABOUT_RETURN_TYPE = YES_ERROR;
				GCC_WARN_UNDECLARED_SELECTOR = YES;
				GCC_WARN_UNINITIALIZED_AUTOS = YES_AGGRESSIVE;
				GCC_WARN_UNUSED_FUNCTION = YES;
				GCC_WARN_UNUSED_VARIABLE = YES;
				IPHONEOS_DEPLOYMENT_TARGET = 13.2;
				MTL_ENABLE_DEBUG_INFO = NO;
				MTL_FAST_MATH = YES;
				SDKROOT = iphoneos;
				SWIFT_COMPILATION_MODE = wholemodule;
				SWIFT_OPTIMIZATION_LEVEL = "-O";
				VALIDATE_PRODUCT = YES;
			};
			name = Release;
		};
		34650AAB23C54CFA00CA7350 /* Debug */ = {
			isa = XCBuildConfiguration;
			buildSettings = {
				ASSETCATALOG_COMPILER_APPICON_NAME = AppIcon;
				CODE_SIGN_STYLE = Automatic;
				DEVELOPMENT_ASSET_PATHS = "\"Bullseye/Preview Content\"";
				ENABLE_PREVIEWS = YES;
				INFOPLIST_FILE = Bullseye/Info.plist;
				LD_RUNPATH_SEARCH_PATHS = (
					"$(inherited)",
					"@executable_path/Frameworks",
				);
				PRODUCT_BUNDLE_IDENTIFIER = com.avp.Bullseye;
				PRODUCT_NAME = "$(TARGET_NAME)";
				SWIFT_VERSION = 5.0;
				TARGETED_DEVICE_FAMILY = "1,2";
			};
			name = Debug;
		};
		34650AAC23C54CFA00CA7350 /* Release */ = {
			isa = XCBuildConfiguration;
			buildSettings = {
				ASSETCATALOG_COMPILER_APPICON_NAME = AppIcon;
				CODE_SIGN_STYLE = Automatic;
				DEVELOPMENT_ASSET_PATHS = "\"Bullseye/Preview Content\"";
				ENABLE_PREVIEWS = YES;
				INFOPLIST_FILE = Bullseye/Info.plist;
				LD_RUNPATH_SEARCH_PATHS = (
					"$(inherited)",
					"@executable_path/Frameworks",
				);
				PRODUCT_BUNDLE_IDENTIFIER = com.avp.Bullseye;
				PRODUCT_NAME = "$(TARGET_NAME)";
				SWIFT_VERSION = 5.0;
				TARGETED_DEVICE_FAMILY = "1,2";
			};
			name = Release;
		};
		34650AAE23C54CFA00CA7350 /* Debug */ = {
			isa = XCBuildConfiguration;
			buildSettings = {
				ALWAYS_EMBED_SWIFT_STANDARD_LIBRARIES = YES;
				BUNDLE_LOADER = "$(TEST_HOST)";
				CODE_SIGN_STYLE = Automatic;
				INFOPLIST_FILE = BullseyeTests/Info.plist;
				IPHONEOS_DEPLOYMENT_TARGET = 13.2;
				LD_RUNPATH_SEARCH_PATHS = (
					"$(inherited)",
					"@executable_path/Frameworks",
					"@loader_path/Frameworks",
				);
				PRODUCT_BUNDLE_IDENTIFIER = com.avp.BullseyeTests;
				PRODUCT_NAME = "$(TARGET_NAME)";
				SWIFT_VERSION = 5.0;
				TARGETED_DEVICE_FAMILY = "1,2";
				TEST_HOST = "$(BUILT_PRODUCTS_DIR)/Bullseye.app/Bullseye";
			};
			name = Debug;
		};
		34650AAF23C54CFA00CA7350 /* Release */ = {
			isa = XCBuildConfiguration;
			buildSettings = {
				ALWAYS_EMBED_SWIFT_STANDARD_LIBRARIES = YES;
				BUNDLE_LOADER = "$(TEST_HOST)";
				CODE_SIGN_STYLE = Automatic;
				INFOPLIST_FILE = BullseyeTests/Info.plist;
				IPHONEOS_DEPLOYMENT_TARGET = 13.2;
				LD_RUNPATH_SEARCH_PATHS = (
					"$(inherited)",
					"@executable_path/Frameworks",
					"@loader_path/Frameworks",
				);
				PRODUCT_BUNDLE_IDENTIFIER = com.avp.BullseyeTests;
				PRODUCT_NAME = "$(TARGET_NAME)";
				SWIFT_VERSION = 5.0;
				TARGETED_DEVICE_FAMILY = "1,2";
				TEST_HOST = "$(BUILT_PRODUCTS_DIR)/Bullseye.app/Bullseye";
			};
			name = Release;
		};
		34650AB123C54CFA00CA7350 /* Debug */ = {
			isa = XCBuildConfiguration;
			buildSettings = {
				ALWAYS_EMBED_SWIFT_STANDARD_LIBRARIES = YES;
				CODE_SIGN_STYLE = Automatic;
				INFOPLIST_FILE = BullseyeUITests/Info.plist;
				LD_RUNPATH_SEARCH_PATHS = (
					"$(inherited)",
					"@executable_path/Frameworks",
					"@loader_path/Frameworks",
				);
				PRODUCT_BUNDLE_IDENTIFIER = com.avp.BullseyeUITests;
				PRODUCT_NAME = "$(TARGET_NAME)";
				SWIFT_VERSION = 5.0;
				TARGETED_DEVICE_FAMILY = "1,2";
				TEST_TARGET_NAME = Bullseye;
			};
			name = Debug;
		};
		34650AB223C54CFA00CA7350 /* Release */ = {
			isa = XCBuildConfiguration;
			buildSettings = {
				ALWAYS_EMBED_SWIFT_STANDARD_LIBRARIES = YES;
				CODE_SIGN_STYLE = Automatic;
				INFOPLIST_FILE = BullseyeUITests/Info.plist;
				LD_RUNPATH_SEARCH_PATHS = (
					"$(inherited)",
					"@executable_path/Frameworks",
					"@loader_path/Frameworks",
				);
				PRODUCT_BUNDLE_IDENTIFIER = com.avp.BullseyeUITests;
				PRODUCT_NAME = "$(TARGET_NAME)";
				SWIFT_VERSION = 5.0;
				TARGETED_DEVICE_FAMILY = "1,2";
				TEST_TARGET_NAME = Bullseye;
			};
			name = Release;
		};
/* End XCBuildConfiguration section */

/* Begin XCConfigurationList section */
		34650A7B23C54CF600CA7350 /* Build configuration list for PBXProject "Bullseye" */ = {
			isa = XCConfigurationList;
			buildConfigurations = (
				34650AA823C54CFA00CA7350 /* Debug */,
				34650AA923C54CFA00CA7350 /* Release */,
			);
			defaultConfigurationIsVisible = 0;
			defaultConfigurationName = Release;
		};
		34650AAA23C54CFA00CA7350 /* Build configuration list for PBXNativeTarget "Bullseye" */ = {
			isa = XCConfigurationList;
			buildConfigurations = (
				34650AAB23C54CFA00CA7350 /* Debug */,
				34650AAC23C54CFA00CA7350 /* Release */,
			);
			defaultConfigurationIsVisible = 0;
			defaultConfigurationName = Release;
		};
		34650AAD23C54CFA00CA7350 /* Build configuration list for PBXNativeTarget "BullseyeTests" */ = {
			isa = XCConfigurationList;
			buildConfigurations = (
				34650AAE23C54CFA00CA7350 /* Debug */,
				34650AAF23C54CFA00CA7350 /* Release */,
			);
			defaultConfigurationIsVisible = 0;
			defaultConfigurationName = Release;
		};
		34650AB023C54CFA00CA7350 /* Build configuration list for PBXNativeTarget "BullseyeUITests" */ = {
			isa = XCConfigurationList;
			buildConfigurations = (
				34650AB123C54CFA00CA7350 /* Debug */,
				34650AB223C54CFA00CA7350 /* Release */,
			);
			defaultConfigurationIsVisible = 0;
			defaultConfigurationName = Release;
		};
/* End XCConfigurationList section */
	};
	rootObject = 34650A7823C54CF600CA7350 /* Project object */;
}
